
Microsoft Visual Studio Solution File, Format Version 12.00
# Visual Studio Version 17
VisualStudioVersion = 17.3.32804.467
MinimumVisualStudioVersion = 10.0.40219.1
Project("{9A19103F-16F7-4668-BE54-9A1E7A4F7556}") = "WebAPIFeatureFFlags", "WebAPIFeatureFFlags\WebAPIFeatureFFlags.csproj", "{D9C3EE09-FF5B-446B-93D4-B8C0A8156C36}"
EndProject
Project("{9A19103F-16F7-4668-BE54-9A1E7A4F7556}") = "AwsAppConfig.Microsoft.Extensions.Configuration", "AwsAppConfig.Microsoft.Extensions.Configuration\AwsAppConfig.Microsoft.Extensions.Configuration.csproj", "{E8E02D66-A278-4897-96BD-B5FE3DE8CACB}"
EndProject
Project("{9A19103F-16F7-4668-BE54-9A1E7A4F7556}") = "AwsAppConfig.Microsoft.Extensions.FeatureManagement", "AwsAppConfig.Microsoft.Extensions.FeatureManagement\AwsAppConfig.Microsoft.Extensions.FeatureManagement.csproj", "{1C4DED6C-5B15-49B2-9C28-CC6DC16F3310}"
EndProject
Project("{9A19103F-16F7-4668-BE54-9A1E7A4F7556}") = "Microsoft.Extensions.ReloadableOptions", "Microsoft.Extensions.ReloadableOptions\Microsoft.Extensions.ReloadableOptions.csproj", "{5BD74852-F02E-4049-A76D-4DB327E80731}"
EndProject
Project("{9A19103F-16F7-4668-BE54-9A1E7A4F7556}") = "Onboarding.MerchantProvisioning.FeatureFlags", "Onboarding.MerchantProvisioning.FeatureFlags\Onboarding.MerchantProvisioning.FeatureFlags.csproj", "{43BDA7D4-D22B-4391-85A2-4CFFF0CC6706}"
EndProject
Global
	GlobalSection(SolutionConfigurationPlatforms) = preSolution
		Debug|Any CPU = Debug|Any CPU
		Release|Any CPU = Release|Any CPU
	EndGlobalSection
	GlobalSection(ProjectConfigurationPlatforms) = postSolution
		{D9C3EE09-FF5B-446B-93D4-B8C0A8156C36}.Debug|Any CPU.ActiveCfg = Debug|Any CPU
		{D9C3EE09-FF5B-446B-93D4-B8C0A8156C36}.Debug|Any CPU.Build.0 = Debug|Any CPU
		{D9C3EE09-FF5B-446B-93D4-B8C0A8156C36}.Release|Any CPU.ActiveCfg = Release|Any CPU
		{D9C3EE09-FF5B-446B-93D4-B8C0A8156C36}.Release|Any CPU.Build.0 = Release|Any CPU
		{E8E02D66-A278-4897-96BD-B5FE3DE8CACB}.Debug|Any CPU.ActiveCfg = Debug|Any CPU
		{E8E02D66-A278-4897-96BD-B5FE3DE8CACB}.Debug|Any CPU.Build.0 = Debug|Any CPU
		{E8E02D66-A278-4897-96BD-B5FE3DE8CACB}.Release|Any CPU.ActiveCfg = Release|Any CPU
		{E8E02D66-A278-4897-96BD-B5FE3DE8CACB}.Release|Any CPU.Build.0 = Release|Any CPU
		{1C4DED6C-5B15-49B2-9C28-CC6DC16F3310}.Debug|Any CPU.ActiveCfg = Debug|Any CPU
		{1C4DED6C-5B15-49B2-9C28-CC6DC16F3310}.Debug|Any CPU.Build.0 = Debug|Any CPU
		{1C4DED6C-5B15-49B2-9C28-CC6DC16F3310}.Release|Any CPU.ActiveCfg = Release|Any CPU
		{1C4DED6C-5B15-49B2-9C28-CC6DC16F3310}.Release|Any CPU.Build.0 = Release|Any CPU
		{5BD74852-F02E-4049-A76D-4DB327E80731}.Debug|Any CPU.ActiveCfg = Debug|Any CPU
		{5BD74852-F02E-4049-A76D-4DB327E80731}.Debug|Any CPU.Build.0 = Debug|Any CPU
		{5BD74852-F02E-4049-A76D-4DB327E80731}.Release|Any CPU.ActiveCfg = Release|Any CPU
		{5BD74852-F02E-4049-A76D-4DB327E80731}.Release|Any CPU.Build.0 = Release|Any CPU
		{43BDA7D4-D22B-4391-85A2-4CFFF0CC6706}.Debug|Any CPU.ActiveCfg = Debug|Any CPU
		{43BDA7D4-D22B-4391-85A2-4CFFF0CC6706}.Debug|Any CPU.Build.0 = Debug|Any CPU
		{43BDA7D4-D22B-4391-85A2-4CFFF0CC6706}.Release|Any CPU.ActiveCfg = Release|Any CPU
		{43BDA7D4-D22B-4391-85A2-4CFFF0CC6706}.Release|Any CPU.Build.0 = Release|Any CPU
	EndGlobalSection
	GlobalSection(SolutionProperties) = preSolution
		HideSolutionNode = FALSE
	EndGlobalSection
	GlobalSection(ExtensibilityGlobals) = postSolution
		SolutionGuid = {ADD6461B-80DC-47BA-80C0-06E72949D159}
	EndGlobalSection
EndGlobal
